// !$*UTF8*$!
{
	archiveVersion = 1;
	classes = {
	};
	objectVersion = 46;
	objects = {

/* Begin PBXBuildFile section */
		80C9D7561D0A36AB00F0C5E2 /* AppDelegate.swift in Sources */ = {isa = PBXBuildFile; fileRef = 80C9D7551D0A36AB00F0C5E2 /* AppDelegate.swift */; };
		80C9D7581D0A36AB00F0C5E2 /* ViewController.swift in Sources */ = {isa = PBXBuildFile; fileRef = 80C9D7571D0A36AB00F0C5E2 /* ViewController.swift */; };
		80C9D75B1D0A36AB00F0C5E2 /* Main.storyboard in Resources */ = {isa = PBXBuildFile; fileRef = 80C9D7591D0A36AB00F0C5E2 /* Main.storyboard */; };
		80C9D75D1D0A36AB00F0C5E2 /* Assets.xcassets in Resources */ = {isa = PBXBuildFile; fileRef = 80C9D75C1D0A36AB00F0C5E2 /* Assets.xcassets */; };
		80C9D7601D0A36AB00F0C5E2 /* LaunchScreen.storyboard in Resources */ = {isa = PBXBuildFile; fileRef = 80C9D75E1D0A36AB00F0C5E2 /* LaunchScreen.storyboard */; };
		80C9D7681D0A38B300F0C5E2 /* HelloWorld.swift in Sources */ = {isa = PBXBuildFile; fileRef = 80C9D7671D0A38B300F0C5E2 /* HelloWorld.swift */; };
/* End PBXBuildFile section */

/* Begin PBXFileReference section */
		80C9D7521D0A36AB00F0C5E2 /* First Code Run.app */ = {isa = PBXFileReference; explicitFileType = wrapper.application; includeInIndex = 0; path = "First Code Run.app"; sourceTree = BUILT_PRODUCTS_DIR; };
		80C9D7551D0A36AB00F0C5E2 /* AppDelegate.swift */ = {isa = PBXFileReference; lastKnownFileType = sourcecode.swift; path = AppDelegate.swift; sourceTree = "<group>"; };
		80C9D7571D0A36AB00F0C5E2 /* ViewController.swift */ = {isa = PBXFileReference; lastKnownFileType = sourcecode.swift; path = ViewController.swift; sourceTree = "<group>"; };
		80C9D75A1D0A36AB00F0C5E2 /* Base */ = {isa = PBXFileReference; lastKnownFileType = file.storyboard; name = Base; path = Base.lproj/Main.storyboard; sourceTree = "<group>"; };
		80C9D75C1D0A36AB00F0C5E2 /* Assets.xcassets */ = {isa = PBXFileReference; lastKnownFileType = folder.assetcatalog; path = Assets.xcassets; sourceTree = "<group>"; };
		80C9D75F1D0A36AB00F0C5E2 /* Base */ = {isa = PBXFileReference; lastKnownFileType = file.storyboard; name = Base; path = Base.lproj/LaunchScreen.storyboard; sourceTree = "<group>"; };
		80C9D7611D0A36AB00F0C5E2 /* Info.plist */ = {isa = PBXFileReference; lastKnownFileType = text.plist.xml; path = Info.plist; sourceTree = "<group>"; };
		80C9D7671D0A38B300F0C5E2 /* HelloWorld.swift */ = {isa = PBXFileReference; fileEncoding = 4; lastKnownFileType = sourcecode.swift; path = HelloWorld.swift; sourceTree = "<group>"; };
/* End PBXFileReference section */

/* Begin PBXFrameworksBuildPhase section */
		80C9D74F1D0A36AB00F0C5E2 /* Frameworks */ = {
			isa = PBXFrameworksBuildPhase;
			buildActionMask = 2147483647;
			files = (
			);
			runOnlyForDeploymentPostprocessing = 0;
		};
/* End PBXFrameworksBuildPhase section */

/* Begin PBXGroup section */
		80C9D7491D0A36AB00F0C5E2 = {
			isa = PBXGroup;
			children = (
				80C9D7541D0A36AB00F0C5E2 /* First Code Run */,
				80C9D7531D0A36AB00F0C5E2 /* Products */,
			);
			sourceTree = "<group>";
		};
		80C9D7531D0A36AB00F0C5E2 /* Products */ = {
			isa = PBXGroup;
			children = (
				80C9D7521D0A36AB00F0C5E2 /* First Code Run.app */,
			);
			name = Products;
			sourceTree = "<group>";
		};
		80C9D7541D0A36AB00F0C5E2 /* First Code Run */ = {
			isa = PBXGroup;
			children = (
				80C9D7551D0A36AB00F0C5E2 /* AppDelegate.swift */,
				80C9D7571D0A36AB00F0C5E2 /* ViewController.swift */,
				80C9D7671D0A38B300F0C5E2 /* HelloWorld.swift */,
				80C9D7591D0A36AB00F0C5E2 /* Main.storyboard */,
				80C9D75C1D0A36AB00F0C5E2 /* Assets.xcassets */,
				80C9D75E1D0A36AB00F0C5E2 /* LaunchScreen.storyboard */,
				80C9D7611D0A36AB00F0C5E2 /* Info.plist */,
			);
			path = "First Code Run";
			sourceTree = "<group>";
		};
/* End PBXGroup section */

/* Begin PBXNativeTarget section */
		80C9D7511D0A36AB00F0C5E2 /* First Code Run */ = {
			isa = PBXNativeTarget;
			buildConfigurationList = 80C9D7641D0A36AB00F0C5E2 /* Build configuration list for PBXNativeTarget "First Code Run" */;
			buildPhases = (
				80C9D74E1D0A36AB00F0C5E2 /* Sources */,
				80C9D74F1D0A36AB00F0C5E2 /* Frameworks */,
				80C9D7501D0A36AB00F0C5E2 /* Resources */,
			);
			buildRules = (
			);
			dependencies = (
			);
			name = "First Code Run";
			productName = "First Code Run";
			productReference = 80C9D7521D0A36AB00F0C5E2 /* First Code Run.app */;
			productType = "com.apple.product-type.application";
		};
/* End PBXNativeTarget section */

/* Begin PBXProject section */
		80C9D74A1D0A36AB00F0C5E2 /* Project object */ = {
			isa = PBXProject;
			attributes = {
				LastSwiftUpdateCheck = 0730;
				LastUpgradeCheck = 0730;
				ORGANIZATIONNAME = "Lukas Thoms";
				TargetAttributes = {
					80C9D7511D0A36AB00F0C5E2 = {
						CreatedOnToolsVersion = 7.3;
					};
				};
			};
			buildConfigurationList = 80C9D74D1D0A36AB00F0C5E2 /* Build configuration list for PBXProject "First Code Run" */;
			compatibilityVersion = "Xcode 3.2";
			developmentRegion = English;
			hasScannedForEncodings = 0;
			knownRegions = (
				en,
				Base,
			);
			mainGroup = 80C9D7491D0A36AB00F0C5E2;
			productRefGroup = 80C9D7531D0A36AB00F0C5E2 /* Products */;
			projectDirPath = "";
			projectRoot = "";
			targets = (
				80C9D7511D0A36AB00F0C5E2 /* First Code Run */,
			);
		};
/* End PBXProject section */

/* Begin PBXResourcesBuildPhase section */
		80C9D7501D0A36AB00F0C5E2 /* Resources */ = {
			isa = PBXResourcesBuildPhase;
			buildActionMask = 2147483647;
			files = (
				80C9D7601D0A36AB00F0C5E2 /* LaunchScreen.storyboard in Resources */,
				80C9D75D1D0A36AB00F0C5E2 /* Assets.xcassets in Resources */,
				80C9D75B1D0A36AB00F0C5E2 /* Main.storyboard in Resources */,
			);
			runOnlyForDeploymentPostprocessing = 0;
		};
/* End PBXResourcesBuildPhase section */

/* Begin PBXSourcesBuildPhase section */
		80C9D74E1D0A36AB00F0C5E2 /* Sources */ = {
			isa = PBXSourcesBuildPhase;
			buildActionMask = 2147483647;
			files = (
				80C9D7581D0A36AB00F0C5E2 /* ViewController.swift in Sources */,
				80C9D7681D0A38B300F0C5E2 /* HelloWorld.swift in Sources */,
				80C9D7561D0A36AB00F0C5E2 /* AppDelegate.swift in Sources */,
			);
			runOnlyForDeploymentPostprocessing = 0;
		};
/* End PBXSourcesBuildPhase section */

/* Begin PBXVariantGroup section */
		80C9D7591D0A36AB00F0C5E2 /* Main.storyboard */ = {
			isa = PBXVariantGroup;
			children = (
				80C9D75A1D0A36AB00F0C5E2 /* Base */,
			);
			name = Main.storyboard;
			sourceTree = "<group>";
		};
		80C9D75E1D0A36AB00F0C5E2 /* LaunchScreen.storyboard */ = {
			isa = PBXVariantGroup;
			children = (
				80C9D75F1D0A36AB00F0C5E2 /* Base */,
			);
			name = LaunchScreen.storyboard;
			sourceTree = "<group>";
		};
/* End PBXVariantGroup section */

/* Begin XCBuildConfiguration section */
		80C9D7621D0A36AB00F0C5E2 /* Debug */ = {
			isa = XCBuildConfiguration;
			buildSettings = {
				ALWAYS_SEARCH_USER_PATHS = NO;
				CLANG_ANALYZER_NONNULL = YES;
				CLANG_CXX_LANGUAGE_STANDARD = "gnu++0x";
				CLANG_CXX_LIBRARY = "libc++";
				CLANG_ENABLE_MODULES = YES;
				CLANG_ENABLE_OBJC_ARC = YES;
				CLANG_WARN_BOOL_CONVERSION = YES;
				CLANG_WARN_CONSTANT_CONVERSION = YES;
				CLANG_WARN_DIRECT_OBJC_ISA_USAGE = YES_ERROR;
				CLANG_WARN_EMPTY_BODY = YES;
				CLANG_WARN_ENUM_CONVERSION = YES;
				CLANG_WARN_INT_CONVERSION = YES;
				CLANG_WARN_OBJC_ROOT_CLASS = YES_ERROR;
				CLANG_WARN_UNREACHABLE_CODE = YES;
				CLANG_WARN__DUPLICATE_METHOD_MATCH = YES;
				"CODE_SIGN_IDENTITY[sdk=iphoneos*]" = "iPhone Developer";
				COPY_PHASE_STRIP = NO;
				DEBUG_INFORMATION_FORMAT = dwarf;
				ENABLE_STRICT_OBJC_MSGSEND = YES;
				ENABLE_TESTABILITY = YES;
				GCC_C_LANGUAGE_STANDARD = gnu99;
				GCC_DYNAMIC_NO_PIC = NO;
				GCC_NO_COMMON_BLOCKS = YES;
				GCC_OPTIMIZATION_LEVEL = 0;
				GCC_PREPROCESSOR_DEFINITIONS = (
					"DEBUG=1",
					"$(inherited)",
				);
				GCC_WARN_64_TO_32_BIT_CONVERSION = YES;
				GCC_WARN_ABOUT_RETURN_TYPE = YES_ERROR;
				GCC_WARN_UNDECLARED_SELECTOR = YES;
				GCC_WARN_UNINITIALIZED_AUTOS = YES_AGGRESSIVE;
				GCC_WARN_UNUSED_FUNCTION = YES;
				GCC_WARN_UNUSED_VARIABLE = YES;
				IPHONEOS_DEPLOYMENT_TARGET = 9.3;
				MTL_ENABLE_DEBUG_INFO = YES;
				ONLY_ACTIVE_ARCH = YES;
				SDKROOT = iphoneos;
				SWIFT_OPTIMIZATION_LEVEL = "-Onone";
			};
			name = Debug;
		};
		80C9D7631D0A36AB00F0C5E2 /* Release */ = {
			isa = XCBuildConfiguration;
			buildSettings = {
				ALWAYS_SEARCH_USER_PATHS = NO;
				CLANG_ANALYZER_NONNULL = YES;
				CLANG_CXX_LANGUAGE_STANDARD = "gnu++0x";
				CLANG_CXX_LIBRARY = "libc++";
				CLANG_ENABLE_MODULES = YES;
				CLANG_ENABLE_OBJC_ARC = YES;
				CLANG_WARN_BOOL_CONVERSION = YES;
				CLANG_WARN_CONSTANT_CONVERSION = YES;
				CLANG_WARN_DIRECT_OBJC_ISA_USAGE = YES_ERROR;
				CLANG_WARN_EMPTY_BODY = YES;
				CLANG_WARN_ENUM_CONVERSION = YES;
				CLANG_WARN_INT_CONVERSION = YES;
				CLANG_WARN_OBJC_ROOT_CLASS = YES_ERROR;
				CLANG_WARN_UNREACHABLE_CODE = YES;
				CLANG_WARN__DUPLICATE_METHOD_MATCH = YES;
				"CODE_SIGN_IDENTITY[sdk=iphoneos*]" = "iPhone Developer";
				COPY_PHASE_STRIP = NO;
				DEBUG_INFORMATION_FORMAT = "dwarf-with-dsym";
				ENABLE_NS_ASSERTIONS = NO;
				ENABLE_STRICT_OBJC_MSGSEND = YES;
				GCC_C_LANGUAGE_STANDARD = gnu99;
				GCC_NO_COMMON_BLOCKS = YES;
				GCC_WARN_64_TO_32_BIT_CONVERSION = YES;
				GCC_WARN_ABOUT_RETURN_TYPE = YES_ERROR;
				GCC_WARN_UNDECLARED_SELECTOR = YES;
				GCC_WARN_UNINITIALIZED_AUTOS = YES_AGGRESSIVE;
				GCC_WARN_UNUSED_FUNCTION = YES;
				GCC_WARN_UNUSED_VARIABLE = YES;
				IPHONEOS_DEPLOYMENT_TARGET = 9.3;
				MTL_ENABLE_DEBUG_INFO = NO;
				SDKROOT = iphoneos;
				VALIDATE_PRODUCT = YES;
			};
			name = Release;
		};
		80C9D7651D0A36AB00F0C5E2 /* Debug */ = {
			isa = XCBuildConfiguration;
			buildSettings = {
				ASSETCATALOG_COMPILER_APPICON_NAME = AppIcon;
				INFOPLIST_FILE = "First Code Run/Info.plist";
				IPHONEOS_DEPLOYMENT_TARGET = 9.0;
				LD_RUNPATH_SEARCH_PATHS = "$(inherited) @executable_path/Frameworks";
				PRODUCT_BUNDLE_IDENTIFIER = "Lukas-Thoms.First-Code-Run";
				PRODUCT_NAME = "$(TARGET_NAME)";
			};
			name = Debug;
		};
		80C9D7661D0A36AB00F0C5E2 /* Release */ = {
			isa = XCBuildConfiguration;
			buildSettings = {
				ASSETCATALOG_COMPILER_APPICON_NAME = AppIcon;
				INFOPLIST_FILE = "First Code Run/Info.plist";
				IPHONEOS_DEPLOYMENT_TARGET = 9.0;
				LD_RUNPATH_SEARCH_PATHS = "$(inherited) @executable_path/Frameworks";
				PRODUCT_BUNDLE_IDENTIFIER = "Lukas-Thoms.First-Code-Run";
				PRODUCT_NAME = "$(TARGET_NAME)";
			};
			name = Release;
		};
/* End XCBuildConfiguration section */

/* Begin XCConfigurationList section */
		80C9D74D1D0A36AB00F0C5E2 /* Build configuration list for PBXProject "First Code Run" */ = {
			isa = XCConfigurationList;
			buildConfigurations = (
				80C9D7621D0A36AB00F0C5E2 /* Debug */,
				80C9D7631D0A36AB00F0C5E2 /* Release */,
			);
			defaultConfigurationIsVisible = 0;
			defaultConfigurationName = Release;
		};
		80C9D7641D0A36AB00F0C5E2 /* Build configuration list for PBXNativeTarget "First Code Run" */ = {
			isa = XCConfigurationList;
			buildConfigurations = (
				80C9D7651D0A36AB00F0C5E2 /* Debug */,
				80C9D7661D0A36AB00F0C5E2 /* Release */,
			);
			defaultConfigurationIsVisible = 0;
		};
/* End XCConfigurationList section */
	};
	rootObject = 80C9D74A1D0A36AB00F0C5E2 /* Project object */;
}
